
Microsoft Visual Studio Solution File, Format Version 12.00
# Visual Studio Version 17
VisualStudioVersion = 17.5.2.0
MinimumVisualStudioVersion = 10.0.40219.1
Project("{2150E333-8FDC-42A3-9474-1A3956D46DE8}") = "2_Introduction_to_programming_with_cs", "2_Introduction_to_programming_with_cs", "{79B2080E-7F4D-2E8E-93CC-96CD42EB398C}"
EndProject
Project("{FAE04EC0-301F-11D3-BF4B-00C04F79EFBC}") = "1_Introduction_To_backEnd", "1_Introduction_To_backEnd\1_Introduction_To_backEnd.csproj", "{913BAE98-C484-9FAE-AEEA-27ACB3C882A9}"
EndProject
Project("{2150E333-8FDC-42A3-9474-1A3956D46DE8}") = "3_Back-end_With_Dotnet", "3_Back-end_With_Dotnet", "{8E748DE9-38BD-6FF6-470E-44401082C82C}"
EndProject
Project("{FAE04EC0-301F-11D3-BF4B-00C04F79EFBC}") = "Module_1_serialization_deserialization", "3_Back-end_With_Dotnet\Module_1_serialization_deserialization\Module_1_serialization_deserialization.csproj", "{BBF585A4-39AB-4642-827D-303B2AA691FA}"
EndProject
Project("{2150E333-8FDC-42A3-9474-1A3956D46DE8}") = "Module_1_Dotnet_Foundations", "Module_1_Dotnet_Foundations", "{908E5591-E737-10DC-348D-771C843BC308}"
EndProject
Project("{2150E333-8FDC-42A3-9474-1A3956D46DE8}") = "helloWorld", "helloWorld", "{35045B27-7A39-7D54-A537-5D1F06758B1F}"
EndProject
Project("{FAE04EC0-301F-11D3-BF4B-00C04F79EFBC}") = "1_helloWorld", "2_Introduction_to_programming_with_cs\Module_1_Dotnet_Foundations\helloWorld\1_helloWorld.csproj", "{D065C5DF-37A4-44FB-A471-0624A1C459CA}"
EndProject
Project("{2150E333-8FDC-42A3-9474-1A3956D46DE8}") = "Module_2_Programming_Foundations", "Module_2_Programming_Foundations", "{74EA90AD-D2B5-1CB1-F4D0-D2571DAD8792}"
EndProject
Project("{2150E333-8FDC-42A3-9474-1A3956D46DE8}") = "Classes", "Classes", "{71409898-775D-B3A5-9625-6B1D8E4F2883}"
EndProject
Project("{FAE04EC0-301F-11D3-BF4B-00C04F79EFBC}") = "4_Classes", "2_Introduction_to_programming_with_cs\Module_2_Programming_Foundations\Classes\4_Classes.csproj", "{5639CCAC-B453-4C5C-8173-1B6490E2B024}"
EndProject
Project("{2150E333-8FDC-42A3-9474-1A3956D46DE8}") = "debugging_discount", "debugging_discount", "{549B6CE2-4477-26DD-511D-8C3ADE3D2573}"
EndProject
Project("{FAE04EC0-301F-11D3-BF4B-00C04F79EFBC}") = "2_debugging_activity", "2_Introduction_to_programming_with_cs\Module_2_Programming_Foundations\debugging_discount\2_debugging_activity.csproj", "{9F757223-4F8F-407D-8D22-3C1C73A8BC83}"
EndProject
Project("{2150E333-8FDC-42A3-9474-1A3956D46DE8}") = "debugging_maxnum", "debugging_maxnum", "{21DD5F1C-77DA-E0C2-8752-F125013C22D6}"
EndProject
Project("{FAE04EC0-301F-11D3-BF4B-00C04F79EFBC}") = "3_debugging_maxnum", "2_Introduction_to_programming_with_cs\Module_2_Programming_Foundations\debugging_maxnum\3_debugging_maxnum.csproj", "{BF0C75AC-A657-4F6E-A2B4-C9DB62D6DB59}"
EndProject
Project("{2150E333-8FDC-42A3-9474-1A3956D46DE8}") = "Module_3_OOP_Csharp", "Module_3_OOP_Csharp", "{3768D35C-2EA5-668F-2F4C-2806952DD6D4}"
EndProject
Project("{FAE04EC0-301F-11D3-BF4B-00C04F79EFBC}") = "Implementing_Classes", "2_Introduction_to_programming_with_cs\Module_3_OOP_Csharp\Implementing_Classes\Implementing_Classes.csproj", "{45EFE99B-991B-4D2D-9B24-CD80D8220B9F}"
EndProject
Project("{FAE04EC0-301F-11D3-BF4B-00C04F79EFBC}") = "Inheritance_And_Polymorphism", "2_Introduction_to_programming_with_cs\Module_3_OOP_Csharp\Inheritance_And_Polymorphism\Inheritance_And_Polymorphism.csproj", "{AEC0D2B4-725F-4D00-8C1D-EF7C867298C4}"
EndProject
Project("{2150E333-8FDC-42A3-9474-1A3956D46DE8}") = "Module_4_Async_programming", "Module_4_Async_programming", "{728F7B21-4833-2C37-0209-9B1C22C42B13}"
EndProject
Project("{FAE04EC0-301F-11D3-BF4B-00C04F79EFBC}") = "Async_and_Await", "2_Introduction_to_programming_with_cs\Module_4_Async_programming\Async_and_Await\Async_and_Await.csproj", "{30A12A40-43AF-418D-AED3-756AE4431CB9}"
EndProject
Project("{2150E333-8FDC-42A3-9474-1A3956D46DE8}") = "Downloading_Data_Dummy", "Downloading_Data_Dummy", "{94B3085F-6DB1-4CB2-6AC1-43D16DDE93D2}"
EndProject
Project("{FAE04EC0-301F-11D3-BF4B-00C04F79EFBC}") = "Practical_Async_Solutions", "2_Introduction_to_programming_with_cs\Module_4_Async_programming\Downloading_Data_Dummy\Practical_Async_Solutions.csproj", "{2A5DB252-7E32-4CDB-8579-5EDB6038A071}"
EndProject
Project("{FAE04EC0-301F-11D3-BF4B-00C04F79EFBC}") = "Processing_Data_Chunks_Dummy", "2_Introduction_to_programming_with_cs\Module_4_Async_programming\Processing_Data_Chunks_Dummy\Processing_Data_Chunks_Dummy.csproj", "{47DAB2CE-F923-4643-8C78-B20DD84959C6}"
EndProject
Project("{2150E333-8FDC-42A3-9474-1A3956D46DE8}") = "Module_5_Submission_Project", "Module_5_Submission_Project", "{5A6AE44C-36E1-27AD-C454-AA1C6DEE9CCE}"
EndProject
Project("{FAE04EC0-301F-11D3-BF4B-00C04F79EFBC}") = "Small_Library_project", "2_Introduction_to_programming_with_cs\Module_5_Submission_Project\Small_Library_project.csproj", "{85D4CA6E-A222-43D5-A78F-41D719EA1343}"
EndProject
Global
	GlobalSection(SolutionConfigurationPlatforms) = preSolution
		Debug|Any CPU = Debug|Any CPU
		Debug|x64 = Debug|x64
		Debug|x86 = Debug|x86
		Release|Any CPU = Release|Any CPU
		Release|x64 = Release|x64
		Release|x86 = Release|x86
	EndGlobalSection
	GlobalSection(ProjectConfigurationPlatforms) = postSolution
		{913BAE98-C484-9FAE-AEEA-27ACB3C882A9}.Debug|Any CPU.ActiveCfg = Debug|Any CPU
		{913BAE98-C484-9FAE-AEEA-27ACB3C882A9}.Debug|Any CPU.Build.0 = Debug|Any CPU
		{913BAE98-C484-9FAE-AEEA-27ACB3C882A9}.Debug|x64.ActiveCfg = Debug|Any CPU
		{913BAE98-C484-9FAE-AEEA-27ACB3C882A9}.Debug|x64.Build.0 = Debug|Any CPU
		{913BAE98-C484-9FAE-AEEA-27ACB3C882A9}.Debug|x86.ActiveCfg = Debug|Any CPU
		{913BAE98-C484-9FAE-AEEA-27ACB3C882A9}.Debug|x86.Build.0 = Debug|Any CPU
		{913BAE98-C484-9FAE-AEEA-27ACB3C882A9}.Release|Any CPU.ActiveCfg = Release|Any CPU
		{913BAE98-C484-9FAE-AEEA-27ACB3C882A9}.Release|Any CPU.Build.0 = Release|Any CPU
		{913BAE98-C484-9FAE-AEEA-27ACB3C882A9}.Release|x64.ActiveCfg = Release|Any CPU
		{913BAE98-C484-9FAE-AEEA-27ACB3C882A9}.Release|x64.Build.0 = Release|Any CPU
		{913BAE98-C484-9FAE-AEEA-27ACB3C882A9}.Release|x86.ActiveCfg = Release|Any CPU
		{913BAE98-C484-9FAE-AEEA-27ACB3C882A9}.Release|x86.Build.0 = Release|Any CPU
		{BBF585A4-39AB-4642-827D-303B2AA691FA}.Debug|Any CPU.ActiveCfg = Debug|Any CPU
		{BBF585A4-39AB-4642-827D-303B2AA691FA}.Debug|Any CPU.Build.0 = Debug|Any CPU
		{BBF585A4-39AB-4642-827D-303B2AA691FA}.Debug|x64.ActiveCfg = Debug|Any CPU
		{BBF585A4-39AB-4642-827D-303B2AA691FA}.Debug|x64.Build.0 = Debug|Any CPU
		{BBF585A4-39AB-4642-827D-303B2AA691FA}.Debug|x86.ActiveCfg = Debug|Any CPU
		{BBF585A4-39AB-4642-827D-303B2AA691FA}.Debug|x86.Build.0 = Debug|Any CPU
		{BBF585A4-39AB-4642-827D-303B2AA691FA}.Release|Any CPU.ActiveCfg = Release|Any CPU
		{BBF585A4-39AB-4642-827D-303B2AA691FA}.Release|Any CPU.Build.0 = Release|Any CPU
		{BBF585A4-39AB-4642-827D-303B2AA691FA}.Release|x64.ActiveCfg = Release|Any CPU
		{BBF585A4-39AB-4642-827D-303B2AA691FA}.Release|x64.Build.0 = Release|Any CPU
		{BBF585A4-39AB-4642-827D-303B2AA691FA}.Release|x86.ActiveCfg = Release|Any CPU
		{BBF585A4-39AB-4642-827D-303B2AA691FA}.Release|x86.Build.0 = Release|Any CPU
		{D065C5DF-37A4-44FB-A471-0624A1C459CA}.Debug|Any CPU.ActiveCfg = Debug|Any CPU
		{D065C5DF-37A4-44FB-A471-0624A1C459CA}.Debug|Any CPU.Build.0 = Debug|Any CPU
		{D065C5DF-37A4-44FB-A471-0624A1C459CA}.Debug|x64.ActiveCfg = Debug|Any CPU
		{D065C5DF-37A4-44FB-A471-0624A1C459CA}.Debug|x64.Build.0 = Debug|Any CPU
		{D065C5DF-37A4-44FB-A471-0624A1C459CA}.Debug|x86.ActiveCfg = Debug|Any CPU
		{D065C5DF-37A4-44FB-A471-0624A1C459CA}.Debug|x86.Build.0 = Debug|Any CPU
		{D065C5DF-37A4-44FB-A471-0624A1C459CA}.Release|Any CPU.ActiveCfg = Release|Any CPU
		{D065C5DF-37A4-44FB-A471-0624A1C459CA}.Release|Any CPU.Build.0 = Release|Any CPU
		{D065C5DF-37A4-44FB-A471-0624A1C459CA}.Release|x64.ActiveCfg = Release|Any CPU
		{D065C5DF-37A4-44FB-A471-0624A1C459CA}.Release|x64.Build.0 = Release|Any CPU
		{D065C5DF-37A4-44FB-A471-0624A1C459CA}.Release|x86.ActiveCfg = Release|Any CPU
		{D065C5DF-37A4-44FB-A471-0624A1C459CA}.Release|x86.Build.0 = Release|Any CPU
		{5639CCAC-B453-4C5C-8173-1B6490E2B024}.Debug|Any CPU.ActiveCfg = Debug|Any CPU
		{5639CCAC-B453-4C5C-8173-1B6490E2B024}.Debug|Any CPU.Build.0 = Debug|Any CPU
		{5639CCAC-B453-4C5C-8173-1B6490E2B024}.Debug|x64.ActiveCfg = Debug|Any CPU
		{5639CCAC-B453-4C5C-8173-1B6490E2B024}.Debug|x64.Build.0 = Debug|Any CPU
		{5639CCAC-B453-4C5C-8173-1B6490E2B024}.Debug|x86.ActiveCfg = Debug|Any CPU
		{5639CCAC-B453-4C5C-8173-1B6490E2B024}.Debug|x86.Build.0 = Debug|Any CPU
		{5639CCAC-B453-4C5C-8173-1B6490E2B024}.Release|Any CPU.ActiveCfg = Release|Any CPU
		{5639CCAC-B453-4C5C-8173-1B6490E2B024}.Release|Any CPU.Build.0 = Release|Any CPU
		{5639CCAC-B453-4C5C-8173-1B6490E2B024}.Release|x64.ActiveCfg = Release|Any CPU
		{5639CCAC-B453-4C5C-8173-1B6490E2B024}.Release|x64.Build.0 = Release|Any CPU
		{5639CCAC-B453-4C5C-8173-1B6490E2B024}.Release|x86.ActiveCfg = Release|Any CPU
		{5639CCAC-B453-4C5C-8173-1B6490E2B024}.Release|x86.Build.0 = Release|Any CPU
		{9F757223-4F8F-407D-8D22-3C1C73A8BC83}.Debug|Any CPU.ActiveCfg = Debug|Any CPU
		{9F757223-4F8F-407D-8D22-3C1C73A8BC83}.Debug|Any CPU.Build.0 = Debug|Any CPU
		{9F757223-4F8F-407D-8D22-3C1C73A8BC83}.Debug|x64.ActiveCfg = Debug|Any CPU
		{9F757223-4F8F-407D-8D22-3C1C73A8BC83}.Debug|x64.Build.0 = Debug|Any CPU
		{9F757223-4F8F-407D-8D22-3C1C73A8BC83}.Debug|x86.ActiveCfg = Debug|Any CPU
		{9F757223-4F8F-407D-8D22-3C1C73A8BC83}.Debug|x86.Build.0 = Debug|Any CPU
		{9F757223-4F8F-407D-8D22-3C1C73A8BC83}.Release|Any CPU.ActiveCfg = Release|Any CPU
		{9F757223-4F8F-407D-8D22-3C1C73A8BC83}.Release|Any CPU.Build.0 = Release|Any CPU
		{9F757223-4F8F-407D-8D22-3C1C73A8BC83}.Release|x64.ActiveCfg = Release|Any CPU
		{9F757223-4F8F-407D-8D22-3C1C73A8BC83}.Release|x64.Build.0 = Release|Any CPU
		{9F757223-4F8F-407D-8D22-3C1C73A8BC83}.Release|x86.ActiveCfg = Release|Any CPU
		{9F757223-4F8F-407D-8D22-3C1C73A8BC83}.Release|x86.Build.0 = Release|Any CPU
		{BF0C75AC-A657-4F6E-A2B4-C9DB62D6DB59}.Debug|Any CPU.ActiveCfg = Debug|Any CPU
		{BF0C75AC-A657-4F6E-A2B4-C9DB62D6DB59}.Debug|Any CPU.Build.0 = Debug|Any CPU
		{BF0C75AC-A657-4F6E-A2B4-C9DB62D6DB59}.Debug|x64.ActiveCfg = Debug|Any CPU
		{BF0C75AC-A657-4F6E-A2B4-C9DB62D6DB59}.Debug|x64.Build.0 = Debug|Any CPU
		{BF0C75AC-A657-4F6E-A2B4-C9DB62D6DB59}.Debug|x86.ActiveCfg = Debug|Any CPU
		{BF0C75AC-A657-4F6E-A2B4-C9DB62D6DB59}.Debug|x86.Build.0 = Debug|Any CPU
		{BF0C75AC-A657-4F6E-A2B4-C9DB62D6DB59}.Release|Any CPU.ActiveCfg = Release|Any CPU
		{BF0C75AC-A657-4F6E-A2B4-C9DB62D6DB59}.Release|Any CPU.Build.0 = Release|Any CPU
		{BF0C75AC-A657-4F6E-A2B4-C9DB62D6DB59}.Release|x64.ActiveCfg = Release|Any CPU
		{BF0C75AC-A657-4F6E-A2B4-C9DB62D6DB59}.Release|x64.Build.0 = Release|Any CPU
		{BF0C75AC-A657-4F6E-A2B4-C9DB62D6DB59}.Release|x86.ActiveCfg = Release|Any CPU
		{BF0C75AC-A657-4F6E-A2B4-C9DB62D6DB59}.Release|x86.Build.0 = Release|Any CPU
		{45EFE99B-991B-4D2D-9B24-CD80D8220B9F}.Debug|Any CPU.ActiveCfg = Debug|Any CPU
		{45EFE99B-991B-4D2D-9B24-CD80D8220B9F}.Debug|Any CPU.Build.0 = Debug|Any CPU
		{45EFE99B-991B-4D2D-9B24-CD80D8220B9F}.Debug|x64.ActiveCfg = Debug|Any CPU
		{45EFE99B-991B-4D2D-9B24-CD80D8220B9F}.Debug|x64.Build.0 = Debug|Any CPU
		{45EFE99B-991B-4D2D-9B24-CD80D8220B9F}.Debug|x86.ActiveCfg = Debug|Any CPU
		{45EFE99B-991B-4D2D-9B24-CD80D8220B9F}.Debug|x86.Build.0 = Debug|Any CPU
		{45EFE99B-991B-4D2D-9B24-CD80D8220B9F}.Release|Any CPU.ActiveCfg = Release|Any CPU
		{45EFE99B-991B-4D2D-9B24-CD80D8220B9F}.Release|Any CPU.Build.0 = Release|Any CPU
		{45EFE99B-991B-4D2D-9B24-CD80D8220B9F}.Release|x64.ActiveCfg = Release|Any CPU
		{45EFE99B-991B-4D2D-9B24-CD80D8220B9F}.Release|x64.Build.0 = Release|Any CPU
		{45EFE99B-991B-4D2D-9B24-CD80D8220B9F}.Release|x86.ActiveCfg = Release|Any CPU
		{45EFE99B-991B-4D2D-9B24-CD80D8220B9F}.Release|x86.Build.0 = Release|Any CPU
		{AEC0D2B4-725F-4D00-8C1D-EF7C867298C4}.Debug|Any CPU.ActiveCfg = Debug|Any CPU
		{AEC0D2B4-725F-4D00-8C1D-EF7C867298C4}.Debug|Any CPU.Build.0 = Debug|Any CPU
		{AEC0D2B4-725F-4D00-8C1D-EF7C867298C4}.Debug|x64.ActiveCfg = Debug|Any CPU
		{AEC0D2B4-725F-4D00-8C1D-EF7C867298C4}.Debug|x64.Build.0 = Debug|Any CPU
		{AEC0D2B4-725F-4D00-8C1D-EF7C867298C4}.Debug|x86.ActiveCfg = Debug|Any CPU
		{AEC0D2B4-725F-4D00-8C1D-EF7C867298C4}.Debug|x86.Build.0 = Debug|Any CPU
		{AEC0D2B4-725F-4D00-8C1D-EF7C867298C4}.Release|Any CPU.ActiveCfg = Release|Any CPU
		{AEC0D2B4-725F-4D00-8C1D-EF7C867298C4}.Release|Any CPU.Build.0 = Release|Any CPU
		{AEC0D2B4-725F-4D00-8C1D-EF7C867298C4}.Release|x64.ActiveCfg = Release|Any CPU
		{AEC0D2B4-725F-4D00-8C1D-EF7C867298C4}.Release|x64.Build.0 = Release|Any CPU
		{AEC0D2B4-725F-4D00-8C1D-EF7C867298C4}.Release|x86.ActiveCfg = Release|Any CPU
		{AEC0D2B4-725F-4D00-8C1D-EF7C867298C4}.Release|x86.Build.0 = Release|Any CPU
		{30A12A40-43AF-418D-AED3-756AE4431CB9}.Debug|Any CPU.ActiveCfg = Debug|Any CPU
		{30A12A40-43AF-418D-AED3-756AE4431CB9}.Debug|Any CPU.Build.0 = Debug|Any CPU
		{30A12A40-43AF-418D-AED3-756AE4431CB9}.Debug|x64.ActiveCfg = Debug|Any CPU
		{30A12A40-43AF-418D-AED3-756AE4431CB9}.Debug|x64.Build.0 = Debug|Any CPU
		{30A12A40-43AF-418D-AED3-756AE4431CB9}.Debug|x86.ActiveCfg = Debug|Any CPU
		{30A12A40-43AF-418D-AED3-756AE4431CB9}.Debug|x86.Build.0 = Debug|Any CPU
		{30A12A40-43AF-418D-AED3-756AE4431CB9}.Release|Any CPU.ActiveCfg = Release|Any CPU
		{30A12A40-43AF-418D-AED3-756AE4431CB9}.Release|Any CPU.Build.0 = Release|Any CPU
		{30A12A40-43AF-418D-AED3-756AE4431CB9}.Release|x64.ActiveCfg = Release|Any CPU
		{30A12A40-43AF-418D-AED3-756AE4431CB9}.Release|x64.Build.0 = Release|Any CPU
		{30A12A40-43AF-418D-AED3-756AE4431CB9}.Release|x86.ActiveCfg = Release|Any CPU
		{30A12A40-43AF-418D-AED3-756AE4431CB9}.Release|x86.Build.0 = Release|Any CPU
		{2A5DB252-7E32-4CDB-8579-5EDB6038A071}.Debug|Any CPU.ActiveCfg = Debug|Any CPU
		{2A5DB252-7E32-4CDB-8579-5EDB6038A071}.Debug|Any CPU.Build.0 = Debug|Any CPU
		{2A5DB252-7E32-4CDB-8579-5EDB6038A071}.Debug|x64.ActiveCfg = Debug|Any CPU
		{2A5DB252-7E32-4CDB-8579-5EDB6038A071}.Debug|x64.Build.0 = Debug|Any CPU
		{2A5DB252-7E32-4CDB-8579-5EDB6038A071}.Debug|x86.ActiveCfg = Debug|Any CPU
		{2A5DB252-7E32-4CDB-8579-5EDB6038A071}.Debug|x86.Build.0 = Debug|Any CPU
		{2A5DB252-7E32-4CDB-8579-5EDB6038A071}.Release|Any CPU.ActiveCfg = Release|Any CPU
		{2A5DB252-7E32-4CDB-8579-5EDB6038A071}.Release|Any CPU.Build.0 = Release|Any CPU
		{2A5DB252-7E32-4CDB-8579-5EDB6038A071}.Release|x64.ActiveCfg = Release|Any CPU
		{2A5DB252-7E32-4CDB-8579-5EDB6038A071}.Release|x64.Build.0 = Release|Any CPU
		{2A5DB252-7E32-4CDB-8579-5EDB6038A071}.Release|x86.ActiveCfg = Release|Any CPU
		{2A5DB252-7E32-4CDB-8579-5EDB6038A071}.Release|x86.Build.0 = Release|Any CPU
		{47DAB2CE-F923-4643-8C78-B20DD84959C6}.Debug|Any CPU.ActiveCfg = Debug|Any CPU
		{47DAB2CE-F923-4643-8C78-B20DD84959C6}.Debug|Any CPU.Build.0 = Debug|Any CPU
		{47DAB2CE-F923-4643-8C78-B20DD84959C6}.Debug|x64.ActiveCfg = Debug|Any CPU
		{47DAB2CE-F923-4643-8C78-B20DD84959C6}.Debug|x64.Build.0 = Debug|Any CPU
		{47DAB2CE-F923-4643-8C78-B20DD84959C6}.Debug|x86.ActiveCfg = Debug|Any CPU
		{47DAB2CE-F923-4643-8C78-B20DD84959C6}.Debug|x86.Build.0 = Debug|Any CPU
		{47DAB2CE-F923-4643-8C78-B20DD84959C6}.Release|Any CPU.ActiveCfg = Release|Any CPU
		{47DAB2CE-F923-4643-8C78-B20DD84959C6}.Release|Any CPU.Build.0 = Release|Any CPU
		{47DAB2CE-F923-4643-8C78-B20DD84959C6}.Release|x64.ActiveCfg = Release|Any CPU
		{47DAB2CE-F923-4643-8C78-B20DD84959C6}.Release|x64.Build.0 = Release|Any CPU
		{47DAB2CE-F923-4643-8C78-B20DD84959C6}.Release|x86.ActiveCfg = Release|Any CPU
		{47DAB2CE-F923-4643-8C78-B20DD84959C6}.Release|x86.Build.0 = Release|Any CPU
		{85D4CA6E-A222-43D5-A78F-41D719EA1343}.Debug|Any CPU.ActiveCfg = Debug|Any CPU
		{85D4CA6E-A222-43D5-A78F-41D719EA1343}.Debug|Any CPU.Build.0 = Debug|Any CPU
		{85D4CA6E-A222-43D5-A78F-41D719EA1343}.Debug|x64.ActiveCfg = Debug|Any CPU
		{85D4CA6E-A222-43D5-A78F-41D719EA1343}.Debug|x64.Build.0 = Debug|Any CPU
		{85D4CA6E-A222-43D5-A78F-41D719EA1343}.Debug|x86.ActiveCfg = Debug|Any CPU
		{85D4CA6E-A222-43D5-A78F-41D719EA1343}.Debug|x86.Build.0 = Debug|Any CPU
		{85D4CA6E-A222-43D5-A78F-41D719EA1343}.Release|Any CPU.ActiveCfg = Release|Any CPU
		{85D4CA6E-A222-43D5-A78F-41D719EA1343}.Release|Any CPU.Build.0 = Release|Any CPU
		{85D4CA6E-A222-43D5-A78F-41D719EA1343}.Release|x64.ActiveCfg = Release|Any CPU
		{85D4CA6E-A222-43D5-A78F-41D719EA1343}.Release|x64.Build.0 = Release|Any CPU
		{85D4CA6E-A222-43D5-A78F-41D719EA1343}.Release|x86.ActiveCfg = Release|Any CPU
		{85D4CA6E-A222-43D5-A78F-41D719EA1343}.Release|x86.Build.0 = Release|Any CPU
	EndGlobalSection
	GlobalSection(SolutionProperties) = preSolution
		HideSolutionNode = FALSE
	EndGlobalSection
	GlobalSection(NestedProjects) = preSolution
		{913BAE98-C484-9FAE-AEEA-27ACB3C882A9} = {79B2080E-7F4D-2E8E-93CC-96CD42EB398C}
		{BBF585A4-39AB-4642-827D-303B2AA691FA} = {8E748DE9-38BD-6FF6-470E-44401082C82C}
		{908E5591-E737-10DC-348D-771C843BC308} = {79B2080E-7F4D-2E8E-93CC-96CD42EB398C}
		{35045B27-7A39-7D54-A537-5D1F06758B1F} = {908E5591-E737-10DC-348D-771C843BC308}
		{D065C5DF-37A4-44FB-A471-0624A1C459CA} = {35045B27-7A39-7D54-A537-5D1F06758B1F}
		{74EA90AD-D2B5-1CB1-F4D0-D2571DAD8792} = {79B2080E-7F4D-2E8E-93CC-96CD42EB398C}
		{71409898-775D-B3A5-9625-6B1D8E4F2883} = {74EA90AD-D2B5-1CB1-F4D0-D2571DAD8792}
		{5639CCAC-B453-4C5C-8173-1B6490E2B024} = {71409898-775D-B3A5-9625-6B1D8E4F2883}
		{549B6CE2-4477-26DD-511D-8C3ADE3D2573} = {74EA90AD-D2B5-1CB1-F4D0-D2571DAD8792}
		{9F757223-4F8F-407D-8D22-3C1C73A8BC83} = {549B6CE2-4477-26DD-511D-8C3ADE3D2573}
		{21DD5F1C-77DA-E0C2-8752-F125013C22D6} = {74EA90AD-D2B5-1CB1-F4D0-D2571DAD8792}
		{BF0C75AC-A657-4F6E-A2B4-C9DB62D6DB59} = {21DD5F1C-77DA-E0C2-8752-F125013C22D6}
		{3768D35C-2EA5-668F-2F4C-2806952DD6D4} = {79B2080E-7F4D-2E8E-93CC-96CD42EB398C}
		{45EFE99B-991B-4D2D-9B24-CD80D8220B9F} = {3768D35C-2EA5-668F-2F4C-2806952DD6D4}
		{AEC0D2B4-725F-4D00-8C1D-EF7C867298C4} = {3768D35C-2EA5-668F-2F4C-2806952DD6D4}
		{728F7B21-4833-2C37-0209-9B1C22C42B13} = {79B2080E-7F4D-2E8E-93CC-96CD42EB398C}
		{30A12A40-43AF-418D-AED3-756AE4431CB9} = {728F7B21-4833-2C37-0209-9B1C22C42B13}
		{94B3085F-6DB1-4CB2-6AC1-43D16DDE93D2} = {728F7B21-4833-2C37-0209-9B1C22C42B13}
		{2A5DB252-7E32-4CDB-8579-5EDB6038A071} = {94B3085F-6DB1-4CB2-6AC1-43D16DDE93D2}
		{47DAB2CE-F923-4643-8C78-B20DD84959C6} = {728F7B21-4833-2C37-0209-9B1C22C42B13}
		{5A6AE44C-36E1-27AD-C454-AA1C6DEE9CCE} = {79B2080E-7F4D-2E8E-93CC-96CD42EB398C}
		{85D4CA6E-A222-43D5-A78F-41D719EA1343} = {5A6AE44C-36E1-27AD-C454-AA1C6DEE9CCE}
	EndGlobalSection
	GlobalSection(ExtensibilityGlobals) = postSolution
		SolutionGuid = {1C32C644-116A-4164-B927-9DFD0B6CC7D8}
	EndGlobalSection
EndGlobal
