
Microsoft Visual Studio Solution File, Format Version 12.00
# Visual Studio Version 17
VisualStudioVersion = 17.5.2.0
MinimumVisualStudioVersion = 10.0.40219.1
Project("{FAE04EC0-301F-11D3-BF4B-00C04F79EFBC}") = "1_Introduction_To_backEnd", "1_Introduction_To_backEnd\1_Introduction_To_backEnd.csproj", "{30DAFF2B-D94B-4F8F-A90D-1487DC314D73}"
EndProject
Project("{2150E333-8FDC-42A3-9474-1A3956D46DE8}") = "2_Introduction_to_programming_with_cs", "2_Introduction_to_programming_with_cs", "{79B2080E-7F4D-2E8E-93CC-96CD42EB398C}"
EndProject
Project("{2150E333-8FDC-42A3-9474-1A3956D46DE8}") = "Module_1_Dotnet_Foundations", "Module_1_Dotnet_Foundations", "{908E5591-E737-10DC-348D-771C843BC308}"
EndProject
Project("{2150E333-8FDC-42A3-9474-1A3956D46DE8}") = "helloWorld", "helloWorld", "{35045B27-7A39-7D54-A537-5D1F06758B1F}"
EndProject
Project("{FAE04EC0-301F-11D3-BF4B-00C04F79EFBC}") = "1_helloWorld", "2_Introduction_to_programming_with_cs\Module_1_Dotnet_Foundations\helloWorld\1_helloWorld.csproj", "{991C9ADE-072C-4C3A-8977-5861C48BE292}"
EndProject
Project("{2150E333-8FDC-42A3-9474-1A3956D46DE8}") = "Module_2_Programming_Foundations", "Module_2_Programming_Foundations", "{74EA90AD-D2B5-1CB1-F4D0-D2571DAD8792}"
EndProject
Project("{2150E333-8FDC-42A3-9474-1A3956D46DE8}") = "Classes", "Classes", "{71409898-775D-B3A5-9625-6B1D8E4F2883}"
EndProject
Project("{FAE04EC0-301F-11D3-BF4B-00C04F79EFBC}") = "4_Classes", "2_Introduction_to_programming_with_cs\Module_2_Programming_Foundations\Classes\4_Classes.csproj", "{7F43D74B-309D-4628-9D91-22FEF3E964D9}"
EndProject
Project("{2150E333-8FDC-42A3-9474-1A3956D46DE8}") = "debugging_maxnum", "debugging_maxnum", "{21DD5F1C-77DA-E0C2-8752-F125013C22D6}"
EndProject
Project("{FAE04EC0-301F-11D3-BF4B-00C04F79EFBC}") = "3_debugging_maxnum", "2_Introduction_to_programming_with_cs\Module_2_Programming_Foundations\debugging_maxnum\3_debugging_maxnum.csproj", "{0D56DD08-B354-47DE-9FF5-C004D295E7EA}"
EndProject
Project("{2150E333-8FDC-42A3-9474-1A3956D46DE8}") = "Module_3_OOP_Csharp", "Module_3_OOP_Csharp", "{3768D35C-2EA5-668F-2F4C-2806952DD6D4}"
EndProject
Project("{FAE04EC0-301F-11D3-BF4B-00C04F79EFBC}") = "Implementing_Classes", "2_Introduction_to_programming_with_cs\Module_3_OOP_Csharp\Implementing_Classes\Implementing_Classes.csproj", "{2BA76A91-7B84-440A-97D2-969FBB6F6B02}"
EndProject
Project("{FAE04EC0-301F-11D3-BF4B-00C04F79EFBC}") = "Inheritance_And_Polymorphism", "2_Introduction_to_programming_with_cs\Module_3_OOP_Csharp\Inheritance_And_Polymorphism\Inheritance_And_Polymorphism.csproj", "{D4CB36FB-7A32-4F6A-A78C-852CA054112A}"
EndProject
Project("{2150E333-8FDC-42A3-9474-1A3956D46DE8}") = "Module_4_Async_programming", "Module_4_Async_programming", "{728F7B21-4833-2C37-0209-9B1C22C42B13}"
EndProject
Project("{FAE04EC0-301F-11D3-BF4B-00C04F79EFBC}") = "Async_and_Await", "2_Introduction_to_programming_with_cs\Module_4_Async_programming\Async_and_Await\Async_and_Await.csproj", "{B77314D2-E25E-49CF-8AA2-63517662F3FD}"
EndProject
Project("{2150E333-8FDC-42A3-9474-1A3956D46DE8}") = "Downloading_Data_Dummy", "Downloading_Data_Dummy", "{94B3085F-6DB1-4CB2-6AC1-43D16DDE93D2}"
EndProject
Project("{FAE04EC0-301F-11D3-BF4B-00C04F79EFBC}") = "Practical_Async_Solutions", "2_Introduction_to_programming_with_cs\Module_4_Async_programming\Downloading_Data_Dummy\Practical_Async_Solutions.csproj", "{638C3CEF-31C2-46A2-B8E3-6CB5C3D95CFB}"
EndProject
Project("{FAE04EC0-301F-11D3-BF4B-00C04F79EFBC}") = "Processing_Data_Chunks_Dummy", "2_Introduction_to_programming_with_cs\Module_4_Async_programming\Processing_Data_Chunks_Dummy\Processing_Data_Chunks_Dummy.csproj", "{D8CED827-5142-413C-B2B3-8492341B09F2}"
EndProject
Project("{2150E333-8FDC-42A3-9474-1A3956D46DE8}") = "Module_5_Submission_Project", "Module_5_Submission_Project", "{5A6AE44C-36E1-27AD-C454-AA1C6DEE9CCE}"
EndProject
Project("{FAE04EC0-301F-11D3-BF4B-00C04F79EFBC}") = "Small_Library_project", "2_Introduction_to_programming_with_cs\Module_5_Submission_Project\Small_Library_project.csproj", "{946780D4-00A7-48F8-A327-6B1421480A39}"
EndProject
Project("{2150E333-8FDC-42A3-9474-1A3956D46DE8}") = "3_Back-end_With_Dotnet", "3_Back-end_With_Dotnet", "{8E748DE9-38BD-6FF6-470E-44401082C82C}"
EndProject
Project("{FAE04EC0-301F-11D3-BF4B-00C04F79EFBC}") = "Module_1_serialization_deserialization", "3_Back-end_With_Dotnet\Module_1_serialization_deserialization\Module_1_serialization_deserialization.csproj", "{D20F72AD-DC4D-499C-8B72-83C78C26CFC3}"
EndProject
Project("{2150E333-8FDC-42A3-9474-1A3956D46DE8}") = "Module_2_Creating_Web_API", "Module_2_Creating_Web_API", "{FF354FF5-29B6-6E46-E162-5759ECB583DB}"
EndProject
Project("{FAE04EC0-301F-11D3-BF4B-00C04F79EFBC}") = "advanced_routing", "3_Back-end_With_Dotnet\Module_2_Creating_Web_API\advanced_routing\advanced_routing.csproj", "{77CD8F45-334E-4877-B3DD-0E8E8534B26C}"
EndProject
Project("{2150E333-8FDC-42A3-9474-1A3956D46DE8}") = "basic_api", "basic_api", "{D74DBA5A-B740-F259-7381-6AE7093C1F27}"
EndProject
Project("{FAE04EC0-301F-11D3-BF4B-00C04F79EFBC}") = "Module_2_Creating_Web_API", "3_Back-end_With_Dotnet\Module_2_Creating_Web_API\basic_api\Module_2_Creating_Web_API.csproj", "{78916FFA-8D0D-4EF7-8774-98C2ED022BC2}"
EndProject
Project("{2150E333-8FDC-42A3-9474-1A3956D46DE8}") = "debugging_discount", "debugging_discount", "{549B6CE2-4477-26DD-511D-8C3ADE3D2573}"
EndProject
Project("{FAE04EC0-301F-11D3-BF4B-00C04F79EFBC}") = "2_debugging_activity", "2_Introduction_to_programming_with_cs\Module_2_Programming_Foundations\debugging_discount\2_debugging_activity.csproj", "{D8414622-A7F6-4793-AD36-065C3523921B}"
EndProject
Project("{FAE04EC0-301F-11D3-BF4B-00C04F79EFBC}") = "CRUD_APIs", "3_Back-end_With_Dotnet\Module_2_Creating_Web_API\CRUD_APIs\CRUD_APIs.csproj", "{BA0E4795-31C4-47C8-871E-90110ED7D48C}"
EndProject
Project("{FAE04EC0-301F-11D3-BF4B-00C04F79EFBC}") = "configuring_middleware", "3_Back-end_With_Dotnet\Module_2_Creating_Web_API\configuring_middleware\configuring_middleware.csproj", "{76F77256-1064-4DB4-9645-B1978D7B9748}"
EndProject
Project("{FAE04EC0-301F-11D3-BF4B-00C04F79EFBC}") = "Product_API", "3_Back-end_With_Dotnet\Module_2_Creating_Web_API\Product_API\Product_API.csproj", "{BEB99999-7EF1-4CCD-A98B-E32585B0B01B}"
EndProject
Project("{FAE04EC0-301F-11D3-BF4B-00C04F79EFBC}") = "Dependency_Injection", "3_Back-end_With_Dotnet\Module_2_Creating_Web_API\Dependency_Injection\Dependency_Injection.csproj", "{355319FA-2357-4086-89B6-A4E383882BAD}"
EndProject
Project("{FAE04EC0-301F-11D3-BF4B-00C04F79EFBC}") = "logging_and_error_handling", "3_Back-end_With_Dotnet\Module_2_Creating_Web_API\logging_and_error_handling\logging_and_error_handling.csproj", "{EACD6494-1A14-4E15-A985-074D06470E57}"
EndProject
Project("{2150E333-8FDC-42A3-9474-1A3956D46DE8}") = "Module_3_Serialization", "Module_3_Serialization", "{4783CB65-8BBD-6DA2-5E11-2DF2D8B0F17B}"
EndProject
Project("{FAE04EC0-301F-11D3-BF4B-00C04F79EFBC}") = "Serializing_Objects", "3_Back-end_With_Dotnet\Module_3_Serialization\Serializing_Objects\Serializing_Objects.csproj", "{4F43A4C0-E123-453F-A366-F27827C91F1D}"
EndProject
Project("{FAE04EC0-301F-11D3-BF4B-00C04F79EFBC}") = "Lab_Deserialization", "3_Back-end_With_Dotnet\Module_3_Serialization\Lab_Deserialization\Lab_Deserialization.csproj", "{2A099B76-8580-47D0-8B80-23D4B8EBD390}"
EndProject
Project("{FAE04EC0-301F-11D3-BF4B-00C04F79EFBC}") = "Security_measures", "3_Back-end_With_Dotnet\Module_3_Serialization\Security_measures\Security_measures.csproj", "{C852A430-4DE5-4319-B13B-5E85602346C4}"
EndProject
Global
	GlobalSection(SolutionConfigurationPlatforms) = preSolution
		Debug|Any CPU = Debug|Any CPU
		Debug|x64 = Debug|x64
		Debug|x86 = Debug|x86
		Release|Any CPU = Release|Any CPU
		Release|x64 = Release|x64
		Release|x86 = Release|x86
	EndGlobalSection
	GlobalSection(ProjectConfigurationPlatforms) = postSolution
		{30DAFF2B-D94B-4F8F-A90D-1487DC314D73}.Debug|Any CPU.ActiveCfg = Debug|Any CPU
		{30DAFF2B-D94B-4F8F-A90D-1487DC314D73}.Debug|Any CPU.Build.0 = Debug|Any CPU
		{30DAFF2B-D94B-4F8F-A90D-1487DC314D73}.Debug|x64.ActiveCfg = Debug|Any CPU
		{30DAFF2B-D94B-4F8F-A90D-1487DC314D73}.Debug|x64.Build.0 = Debug|Any CPU
		{30DAFF2B-D94B-4F8F-A90D-1487DC314D73}.Debug|x86.ActiveCfg = Debug|Any CPU
		{30DAFF2B-D94B-4F8F-A90D-1487DC314D73}.Debug|x86.Build.0 = Debug|Any CPU
		{30DAFF2B-D94B-4F8F-A90D-1487DC314D73}.Release|Any CPU.ActiveCfg = Release|Any CPU
		{30DAFF2B-D94B-4F8F-A90D-1487DC314D73}.Release|Any CPU.Build.0 = Release|Any CPU
		{30DAFF2B-D94B-4F8F-A90D-1487DC314D73}.Release|x64.ActiveCfg = Release|Any CPU
		{30DAFF2B-D94B-4F8F-A90D-1487DC314D73}.Release|x64.Build.0 = Release|Any CPU
		{30DAFF2B-D94B-4F8F-A90D-1487DC314D73}.Release|x86.ActiveCfg = Release|Any CPU
		{30DAFF2B-D94B-4F8F-A90D-1487DC314D73}.Release|x86.Build.0 = Release|Any CPU
		{991C9ADE-072C-4C3A-8977-5861C48BE292}.Debug|Any CPU.ActiveCfg = Debug|Any CPU
		{991C9ADE-072C-4C3A-8977-5861C48BE292}.Debug|Any CPU.Build.0 = Debug|Any CPU
		{991C9ADE-072C-4C3A-8977-5861C48BE292}.Debug|x64.ActiveCfg = Debug|Any CPU
		{991C9ADE-072C-4C3A-8977-5861C48BE292}.Debug|x64.Build.0 = Debug|Any CPU
		{991C9ADE-072C-4C3A-8977-5861C48BE292}.Debug|x86.ActiveCfg = Debug|Any CPU
		{991C9ADE-072C-4C3A-8977-5861C48BE292}.Debug|x86.Build.0 = Debug|Any CPU
		{991C9ADE-072C-4C3A-8977-5861C48BE292}.Release|Any CPU.ActiveCfg = Release|Any CPU
		{991C9ADE-072C-4C3A-8977-5861C48BE292}.Release|Any CPU.Build.0 = Release|Any CPU
		{991C9ADE-072C-4C3A-8977-5861C48BE292}.Release|x64.ActiveCfg = Release|Any CPU
		{991C9ADE-072C-4C3A-8977-5861C48BE292}.Release|x64.Build.0 = Release|Any CPU
		{991C9ADE-072C-4C3A-8977-5861C48BE292}.Release|x86.ActiveCfg = Release|Any CPU
		{991C9ADE-072C-4C3A-8977-5861C48BE292}.Release|x86.Build.0 = Release|Any CPU
		{7F43D74B-309D-4628-9D91-22FEF3E964D9}.Debug|Any CPU.ActiveCfg = Debug|Any CPU
		{7F43D74B-309D-4628-9D91-22FEF3E964D9}.Debug|Any CPU.Build.0 = Debug|Any CPU
		{7F43D74B-309D-4628-9D91-22FEF3E964D9}.Debug|x64.ActiveCfg = Debug|Any CPU
		{7F43D74B-309D-4628-9D91-22FEF3E964D9}.Debug|x64.Build.0 = Debug|Any CPU
		{7F43D74B-309D-4628-9D91-22FEF3E964D9}.Debug|x86.ActiveCfg = Debug|Any CPU
		{7F43D74B-309D-4628-9D91-22FEF3E964D9}.Debug|x86.Build.0 = Debug|Any CPU
		{7F43D74B-309D-4628-9D91-22FEF3E964D9}.Release|Any CPU.ActiveCfg = Release|Any CPU
		{7F43D74B-309D-4628-9D91-22FEF3E964D9}.Release|Any CPU.Build.0 = Release|Any CPU
		{7F43D74B-309D-4628-9D91-22FEF3E964D9}.Release|x64.ActiveCfg = Release|Any CPU
		{7F43D74B-309D-4628-9D91-22FEF3E964D9}.Release|x64.Build.0 = Release|Any CPU
		{7F43D74B-309D-4628-9D91-22FEF3E964D9}.Release|x86.ActiveCfg = Release|Any CPU
		{7F43D74B-309D-4628-9D91-22FEF3E964D9}.Release|x86.Build.0 = Release|Any CPU
		{0D56DD08-B354-47DE-9FF5-C004D295E7EA}.Debug|Any CPU.ActiveCfg = Debug|Any CPU
		{0D56DD08-B354-47DE-9FF5-C004D295E7EA}.Debug|Any CPU.Build.0 = Debug|Any CPU
		{0D56DD08-B354-47DE-9FF5-C004D295E7EA}.Debug|x64.ActiveCfg = Debug|Any CPU
		{0D56DD08-B354-47DE-9FF5-C004D295E7EA}.Debug|x64.Build.0 = Debug|Any CPU
		{0D56DD08-B354-47DE-9FF5-C004D295E7EA}.Debug|x86.ActiveCfg = Debug|Any CPU
		{0D56DD08-B354-47DE-9FF5-C004D295E7EA}.Debug|x86.Build.0 = Debug|Any CPU
		{0D56DD08-B354-47DE-9FF5-C004D295E7EA}.Release|Any CPU.ActiveCfg = Release|Any CPU
		{0D56DD08-B354-47DE-9FF5-C004D295E7EA}.Release|Any CPU.Build.0 = Release|Any CPU
		{0D56DD08-B354-47DE-9FF5-C004D295E7EA}.Release|x64.ActiveCfg = Release|Any CPU
		{0D56DD08-B354-47DE-9FF5-C004D295E7EA}.Release|x64.Build.0 = Release|Any CPU
		{0D56DD08-B354-47DE-9FF5-C004D295E7EA}.Release|x86.ActiveCfg = Release|Any CPU
		{0D56DD08-B354-47DE-9FF5-C004D295E7EA}.Release|x86.Build.0 = Release|Any CPU
		{2BA76A91-7B84-440A-97D2-969FBB6F6B02}.Debug|Any CPU.ActiveCfg = Debug|Any CPU
		{2BA76A91-7B84-440A-97D2-969FBB6F6B02}.Debug|Any CPU.Build.0 = Debug|Any CPU
		{2BA76A91-7B84-440A-97D2-969FBB6F6B02}.Debug|x64.ActiveCfg = Debug|Any CPU
		{2BA76A91-7B84-440A-97D2-969FBB6F6B02}.Debug|x64.Build.0 = Debug|Any CPU
		{2BA76A91-7B84-440A-97D2-969FBB6F6B02}.Debug|x86.ActiveCfg = Debug|Any CPU
		{2BA76A91-7B84-440A-97D2-969FBB6F6B02}.Debug|x86.Build.0 = Debug|Any CPU
		{2BA76A91-7B84-440A-97D2-969FBB6F6B02}.Release|Any CPU.ActiveCfg = Release|Any CPU
		{2BA76A91-7B84-440A-97D2-969FBB6F6B02}.Release|Any CPU.Build.0 = Release|Any CPU
		{2BA76A91-7B84-440A-97D2-969FBB6F6B02}.Release|x64.ActiveCfg = Release|Any CPU
		{2BA76A91-7B84-440A-97D2-969FBB6F6B02}.Release|x64.Build.0 = Release|Any CPU
		{2BA76A91-7B84-440A-97D2-969FBB6F6B02}.Release|x86.ActiveCfg = Release|Any CPU
		{2BA76A91-7B84-440A-97D2-969FBB6F6B02}.Release|x86.Build.0 = Release|Any CPU
		{D4CB36FB-7A32-4F6A-A78C-852CA054112A}.Debug|Any CPU.ActiveCfg = Debug|Any CPU
		{D4CB36FB-7A32-4F6A-A78C-852CA054112A}.Debug|Any CPU.Build.0 = Debug|Any CPU
		{D4CB36FB-7A32-4F6A-A78C-852CA054112A}.Debug|x64.ActiveCfg = Debug|Any CPU
		{D4CB36FB-7A32-4F6A-A78C-852CA054112A}.Debug|x64.Build.0 = Debug|Any CPU
		{D4CB36FB-7A32-4F6A-A78C-852CA054112A}.Debug|x86.ActiveCfg = Debug|Any CPU
		{D4CB36FB-7A32-4F6A-A78C-852CA054112A}.Debug|x86.Build.0 = Debug|Any CPU
		{D4CB36FB-7A32-4F6A-A78C-852CA054112A}.Release|Any CPU.ActiveCfg = Release|Any CPU
		{D4CB36FB-7A32-4F6A-A78C-852CA054112A}.Release|Any CPU.Build.0 = Release|Any CPU
		{D4CB36FB-7A32-4F6A-A78C-852CA054112A}.Release|x64.ActiveCfg = Release|Any CPU
		{D4CB36FB-7A32-4F6A-A78C-852CA054112A}.Release|x64.Build.0 = Release|Any CPU
		{D4CB36FB-7A32-4F6A-A78C-852CA054112A}.Release|x86.ActiveCfg = Release|Any CPU
		{D4CB36FB-7A32-4F6A-A78C-852CA054112A}.Release|x86.Build.0 = Release|Any CPU
		{B77314D2-E25E-49CF-8AA2-63517662F3FD}.Debug|Any CPU.ActiveCfg = Debug|Any CPU
		{B77314D2-E25E-49CF-8AA2-63517662F3FD}.Debug|Any CPU.Build.0 = Debug|Any CPU
		{B77314D2-E25E-49CF-8AA2-63517662F3FD}.Debug|x64.ActiveCfg = Debug|Any CPU
		{B77314D2-E25E-49CF-8AA2-63517662F3FD}.Debug|x64.Build.0 = Debug|Any CPU
		{B77314D2-E25E-49CF-8AA2-63517662F3FD}.Debug|x86.ActiveCfg = Debug|Any CPU
		{B77314D2-E25E-49CF-8AA2-63517662F3FD}.Debug|x86.Build.0 = Debug|Any CPU
		{B77314D2-E25E-49CF-8AA2-63517662F3FD}.Release|Any CPU.ActiveCfg = Release|Any CPU
		{B77314D2-E25E-49CF-8AA2-63517662F3FD}.Release|Any CPU.Build.0 = Release|Any CPU
		{B77314D2-E25E-49CF-8AA2-63517662F3FD}.Release|x64.ActiveCfg = Release|Any CPU
		{B77314D2-E25E-49CF-8AA2-63517662F3FD}.Release|x64.Build.0 = Release|Any CPU
		{B77314D2-E25E-49CF-8AA2-63517662F3FD}.Release|x86.ActiveCfg = Release|Any CPU
		{B77314D2-E25E-49CF-8AA2-63517662F3FD}.Release|x86.Build.0 = Release|Any CPU
		{638C3CEF-31C2-46A2-B8E3-6CB5C3D95CFB}.Debug|Any CPU.ActiveCfg = Debug|Any CPU
		{638C3CEF-31C2-46A2-B8E3-6CB5C3D95CFB}.Debug|Any CPU.Build.0 = Debug|Any CPU
		{638C3CEF-31C2-46A2-B8E3-6CB5C3D95CFB}.Debug|x64.ActiveCfg = Debug|Any CPU
		{638C3CEF-31C2-46A2-B8E3-6CB5C3D95CFB}.Debug|x64.Build.0 = Debug|Any CPU
		{638C3CEF-31C2-46A2-B8E3-6CB5C3D95CFB}.Debug|x86.ActiveCfg = Debug|Any CPU
		{638C3CEF-31C2-46A2-B8E3-6CB5C3D95CFB}.Debug|x86.Build.0 = Debug|Any CPU
		{638C3CEF-31C2-46A2-B8E3-6CB5C3D95CFB}.Release|Any CPU.ActiveCfg = Release|Any CPU
		{638C3CEF-31C2-46A2-B8E3-6CB5C3D95CFB}.Release|Any CPU.Build.0 = Release|Any CPU
		{638C3CEF-31C2-46A2-B8E3-6CB5C3D95CFB}.Release|x64.ActiveCfg = Release|Any CPU
		{638C3CEF-31C2-46A2-B8E3-6CB5C3D95CFB}.Release|x64.Build.0 = Release|Any CPU
		{638C3CEF-31C2-46A2-B8E3-6CB5C3D95CFB}.Release|x86.ActiveCfg = Release|Any CPU
		{638C3CEF-31C2-46A2-B8E3-6CB5C3D95CFB}.Release|x86.Build.0 = Release|Any CPU
		{D8CED827-5142-413C-B2B3-8492341B09F2}.Debug|Any CPU.ActiveCfg = Debug|Any CPU
		{D8CED827-5142-413C-B2B3-8492341B09F2}.Debug|Any CPU.Build.0 = Debug|Any CPU
		{D8CED827-5142-413C-B2B3-8492341B09F2}.Debug|x64.ActiveCfg = Debug|Any CPU
		{D8CED827-5142-413C-B2B3-8492341B09F2}.Debug|x64.Build.0 = Debug|Any CPU
		{D8CED827-5142-413C-B2B3-8492341B09F2}.Debug|x86.ActiveCfg = Debug|Any CPU
		{D8CED827-5142-413C-B2B3-8492341B09F2}.Debug|x86.Build.0 = Debug|Any CPU
		{D8CED827-5142-413C-B2B3-8492341B09F2}.Release|Any CPU.ActiveCfg = Release|Any CPU
		{D8CED827-5142-413C-B2B3-8492341B09F2}.Release|Any CPU.Build.0 = Release|Any CPU
		{D8CED827-5142-413C-B2B3-8492341B09F2}.Release|x64.ActiveCfg = Release|Any CPU
		{D8CED827-5142-413C-B2B3-8492341B09F2}.Release|x64.Build.0 = Release|Any CPU
		{D8CED827-5142-413C-B2B3-8492341B09F2}.Release|x86.ActiveCfg = Release|Any CPU
		{D8CED827-5142-413C-B2B3-8492341B09F2}.Release|x86.Build.0 = Release|Any CPU
		{946780D4-00A7-48F8-A327-6B1421480A39}.Debug|Any CPU.ActiveCfg = Debug|Any CPU
		{946780D4-00A7-48F8-A327-6B1421480A39}.Debug|Any CPU.Build.0 = Debug|Any CPU
		{946780D4-00A7-48F8-A327-6B1421480A39}.Debug|x64.ActiveCfg = Debug|Any CPU
		{946780D4-00A7-48F8-A327-6B1421480A39}.Debug|x64.Build.0 = Debug|Any CPU
		{946780D4-00A7-48F8-A327-6B1421480A39}.Debug|x86.ActiveCfg = Debug|Any CPU
		{946780D4-00A7-48F8-A327-6B1421480A39}.Debug|x86.Build.0 = Debug|Any CPU
		{946780D4-00A7-48F8-A327-6B1421480A39}.Release|Any CPU.ActiveCfg = Release|Any CPU
		{946780D4-00A7-48F8-A327-6B1421480A39}.Release|Any CPU.Build.0 = Release|Any CPU
		{946780D4-00A7-48F8-A327-6B1421480A39}.Release|x64.ActiveCfg = Release|Any CPU
		{946780D4-00A7-48F8-A327-6B1421480A39}.Release|x64.Build.0 = Release|Any CPU
		{946780D4-00A7-48F8-A327-6B1421480A39}.Release|x86.ActiveCfg = Release|Any CPU
		{946780D4-00A7-48F8-A327-6B1421480A39}.Release|x86.Build.0 = Release|Any CPU
		{D20F72AD-DC4D-499C-8B72-83C78C26CFC3}.Debug|Any CPU.ActiveCfg = Debug|Any CPU
		{D20F72AD-DC4D-499C-8B72-83C78C26CFC3}.Debug|Any CPU.Build.0 = Debug|Any CPU
		{D20F72AD-DC4D-499C-8B72-83C78C26CFC3}.Debug|x64.ActiveCfg = Debug|Any CPU
		{D20F72AD-DC4D-499C-8B72-83C78C26CFC3}.Debug|x64.Build.0 = Debug|Any CPU
		{D20F72AD-DC4D-499C-8B72-83C78C26CFC3}.Debug|x86.ActiveCfg = Debug|Any CPU
		{D20F72AD-DC4D-499C-8B72-83C78C26CFC3}.Debug|x86.Build.0 = Debug|Any CPU
		{D20F72AD-DC4D-499C-8B72-83C78C26CFC3}.Release|Any CPU.ActiveCfg = Release|Any CPU
		{D20F72AD-DC4D-499C-8B72-83C78C26CFC3}.Release|Any CPU.Build.0 = Release|Any CPU
		{D20F72AD-DC4D-499C-8B72-83C78C26CFC3}.Release|x64.ActiveCfg = Release|Any CPU
		{D20F72AD-DC4D-499C-8B72-83C78C26CFC3}.Release|x64.Build.0 = Release|Any CPU
		{D20F72AD-DC4D-499C-8B72-83C78C26CFC3}.Release|x86.ActiveCfg = Release|Any CPU
		{D20F72AD-DC4D-499C-8B72-83C78C26CFC3}.Release|x86.Build.0 = Release|Any CPU
		{77CD8F45-334E-4877-B3DD-0E8E8534B26C}.Debug|Any CPU.ActiveCfg = Debug|Any CPU
		{77CD8F45-334E-4877-B3DD-0E8E8534B26C}.Debug|Any CPU.Build.0 = Debug|Any CPU
		{77CD8F45-334E-4877-B3DD-0E8E8534B26C}.Debug|x64.ActiveCfg = Debug|Any CPU
		{77CD8F45-334E-4877-B3DD-0E8E8534B26C}.Debug|x64.Build.0 = Debug|Any CPU
		{77CD8F45-334E-4877-B3DD-0E8E8534B26C}.Debug|x86.ActiveCfg = Debug|Any CPU
		{77CD8F45-334E-4877-B3DD-0E8E8534B26C}.Debug|x86.Build.0 = Debug|Any CPU
		{77CD8F45-334E-4877-B3DD-0E8E8534B26C}.Release|Any CPU.ActiveCfg = Release|Any CPU
		{77CD8F45-334E-4877-B3DD-0E8E8534B26C}.Release|Any CPU.Build.0 = Release|Any CPU
		{77CD8F45-334E-4877-B3DD-0E8E8534B26C}.Release|x64.ActiveCfg = Release|Any CPU
		{77CD8F45-334E-4877-B3DD-0E8E8534B26C}.Release|x64.Build.0 = Release|Any CPU
		{77CD8F45-334E-4877-B3DD-0E8E8534B26C}.Release|x86.ActiveCfg = Release|Any CPU
		{77CD8F45-334E-4877-B3DD-0E8E8534B26C}.Release|x86.Build.0 = Release|Any CPU
		{78916FFA-8D0D-4EF7-8774-98C2ED022BC2}.Debug|Any CPU.ActiveCfg = Debug|Any CPU
		{78916FFA-8D0D-4EF7-8774-98C2ED022BC2}.Debug|Any CPU.Build.0 = Debug|Any CPU
		{78916FFA-8D0D-4EF7-8774-98C2ED022BC2}.Debug|x64.ActiveCfg = Debug|Any CPU
		{78916FFA-8D0D-4EF7-8774-98C2ED022BC2}.Debug|x64.Build.0 = Debug|Any CPU
		{78916FFA-8D0D-4EF7-8774-98C2ED022BC2}.Debug|x86.ActiveCfg = Debug|Any CPU
		{78916FFA-8D0D-4EF7-8774-98C2ED022BC2}.Debug|x86.Build.0 = Debug|Any CPU
		{78916FFA-8D0D-4EF7-8774-98C2ED022BC2}.Release|Any CPU.ActiveCfg = Release|Any CPU
		{78916FFA-8D0D-4EF7-8774-98C2ED022BC2}.Release|Any CPU.Build.0 = Release|Any CPU
		{78916FFA-8D0D-4EF7-8774-98C2ED022BC2}.Release|x64.ActiveCfg = Release|Any CPU
		{78916FFA-8D0D-4EF7-8774-98C2ED022BC2}.Release|x64.Build.0 = Release|Any CPU
		{78916FFA-8D0D-4EF7-8774-98C2ED022BC2}.Release|x86.ActiveCfg = Release|Any CPU
		{78916FFA-8D0D-4EF7-8774-98C2ED022BC2}.Release|x86.Build.0 = Release|Any CPU
		{D8414622-A7F6-4793-AD36-065C3523921B}.Debug|Any CPU.ActiveCfg = Debug|Any CPU
		{D8414622-A7F6-4793-AD36-065C3523921B}.Debug|Any CPU.Build.0 = Debug|Any CPU
		{D8414622-A7F6-4793-AD36-065C3523921B}.Debug|x64.ActiveCfg = Debug|Any CPU
		{D8414622-A7F6-4793-AD36-065C3523921B}.Debug|x64.Build.0 = Debug|Any CPU
		{D8414622-A7F6-4793-AD36-065C3523921B}.Debug|x86.ActiveCfg = Debug|Any CPU
		{D8414622-A7F6-4793-AD36-065C3523921B}.Debug|x86.Build.0 = Debug|Any CPU
		{D8414622-A7F6-4793-AD36-065C3523921B}.Release|Any CPU.ActiveCfg = Release|Any CPU
		{D8414622-A7F6-4793-AD36-065C3523921B}.Release|Any CPU.Build.0 = Release|Any CPU
		{D8414622-A7F6-4793-AD36-065C3523921B}.Release|x64.ActiveCfg = Release|Any CPU
		{D8414622-A7F6-4793-AD36-065C3523921B}.Release|x64.Build.0 = Release|Any CPU
		{D8414622-A7F6-4793-AD36-065C3523921B}.Release|x86.ActiveCfg = Release|Any CPU
		{D8414622-A7F6-4793-AD36-065C3523921B}.Release|x86.Build.0 = Release|Any CPU
		{BA0E4795-31C4-47C8-871E-90110ED7D48C}.Debug|Any CPU.ActiveCfg = Debug|Any CPU
		{BA0E4795-31C4-47C8-871E-90110ED7D48C}.Debug|Any CPU.Build.0 = Debug|Any CPU
		{BA0E4795-31C4-47C8-871E-90110ED7D48C}.Debug|x64.ActiveCfg = Debug|Any CPU
		{BA0E4795-31C4-47C8-871E-90110ED7D48C}.Debug|x64.Build.0 = Debug|Any CPU
		{BA0E4795-31C4-47C8-871E-90110ED7D48C}.Debug|x86.ActiveCfg = Debug|Any CPU
		{BA0E4795-31C4-47C8-871E-90110ED7D48C}.Debug|x86.Build.0 = Debug|Any CPU
		{BA0E4795-31C4-47C8-871E-90110ED7D48C}.Release|Any CPU.ActiveCfg = Release|Any CPU
		{BA0E4795-31C4-47C8-871E-90110ED7D48C}.Release|Any CPU.Build.0 = Release|Any CPU
		{BA0E4795-31C4-47C8-871E-90110ED7D48C}.Release|x64.ActiveCfg = Release|Any CPU
		{BA0E4795-31C4-47C8-871E-90110ED7D48C}.Release|x64.Build.0 = Release|Any CPU
		{BA0E4795-31C4-47C8-871E-90110ED7D48C}.Release|x86.ActiveCfg = Release|Any CPU
		{BA0E4795-31C4-47C8-871E-90110ED7D48C}.Release|x86.Build.0 = Release|Any CPU
		{76F77256-1064-4DB4-9645-B1978D7B9748}.Debug|Any CPU.ActiveCfg = Debug|Any CPU
		{76F77256-1064-4DB4-9645-B1978D7B9748}.Debug|Any CPU.Build.0 = Debug|Any CPU
		{76F77256-1064-4DB4-9645-B1978D7B9748}.Debug|x64.ActiveCfg = Debug|Any CPU
		{76F77256-1064-4DB4-9645-B1978D7B9748}.Debug|x64.Build.0 = Debug|Any CPU
		{76F77256-1064-4DB4-9645-B1978D7B9748}.Debug|x86.ActiveCfg = Debug|Any CPU
		{76F77256-1064-4DB4-9645-B1978D7B9748}.Debug|x86.Build.0 = Debug|Any CPU
		{76F77256-1064-4DB4-9645-B1978D7B9748}.Release|Any CPU.ActiveCfg = Release|Any CPU
		{76F77256-1064-4DB4-9645-B1978D7B9748}.Release|Any CPU.Build.0 = Release|Any CPU
		{76F77256-1064-4DB4-9645-B1978D7B9748}.Release|x64.ActiveCfg = Release|Any CPU
		{76F77256-1064-4DB4-9645-B1978D7B9748}.Release|x64.Build.0 = Release|Any CPU
		{76F77256-1064-4DB4-9645-B1978D7B9748}.Release|x86.ActiveCfg = Release|Any CPU
		{76F77256-1064-4DB4-9645-B1978D7B9748}.Release|x86.Build.0 = Release|Any CPU
		{BEB99999-7EF1-4CCD-A98B-E32585B0B01B}.Debug|Any CPU.ActiveCfg = Debug|Any CPU
		{BEB99999-7EF1-4CCD-A98B-E32585B0B01B}.Debug|Any CPU.Build.0 = Debug|Any CPU
		{BEB99999-7EF1-4CCD-A98B-E32585B0B01B}.Debug|x64.ActiveCfg = Debug|Any CPU
		{BEB99999-7EF1-4CCD-A98B-E32585B0B01B}.Debug|x64.Build.0 = Debug|Any CPU
		{BEB99999-7EF1-4CCD-A98B-E32585B0B01B}.Debug|x86.ActiveCfg = Debug|Any CPU
		{BEB99999-7EF1-4CCD-A98B-E32585B0B01B}.Debug|x86.Build.0 = Debug|Any CPU
		{BEB99999-7EF1-4CCD-A98B-E32585B0B01B}.Release|Any CPU.ActiveCfg = Release|Any CPU
		{BEB99999-7EF1-4CCD-A98B-E32585B0B01B}.Release|Any CPU.Build.0 = Release|Any CPU
		{BEB99999-7EF1-4CCD-A98B-E32585B0B01B}.Release|x64.ActiveCfg = Release|Any CPU
		{BEB99999-7EF1-4CCD-A98B-E32585B0B01B}.Release|x64.Build.0 = Release|Any CPU
		{BEB99999-7EF1-4CCD-A98B-E32585B0B01B}.Release|x86.ActiveCfg = Release|Any CPU
		{BEB99999-7EF1-4CCD-A98B-E32585B0B01B}.Release|x86.Build.0 = Release|Any CPU
		{355319FA-2357-4086-89B6-A4E383882BAD}.Debug|Any CPU.ActiveCfg = Debug|Any CPU
		{355319FA-2357-4086-89B6-A4E383882BAD}.Debug|Any CPU.Build.0 = Debug|Any CPU
		{355319FA-2357-4086-89B6-A4E383882BAD}.Debug|x64.ActiveCfg = Debug|Any CPU
		{355319FA-2357-4086-89B6-A4E383882BAD}.Debug|x64.Build.0 = Debug|Any CPU
		{355319FA-2357-4086-89B6-A4E383882BAD}.Debug|x86.ActiveCfg = Debug|Any CPU
		{355319FA-2357-4086-89B6-A4E383882BAD}.Debug|x86.Build.0 = Debug|Any CPU
		{355319FA-2357-4086-89B6-A4E383882BAD}.Release|Any CPU.ActiveCfg = Release|Any CPU
		{355319FA-2357-4086-89B6-A4E383882BAD}.Release|Any CPU.Build.0 = Release|Any CPU
		{355319FA-2357-4086-89B6-A4E383882BAD}.Release|x64.ActiveCfg = Release|Any CPU
		{355319FA-2357-4086-89B6-A4E383882BAD}.Release|x64.Build.0 = Release|Any CPU
		{355319FA-2357-4086-89B6-A4E383882BAD}.Release|x86.ActiveCfg = Release|Any CPU
		{355319FA-2357-4086-89B6-A4E383882BAD}.Release|x86.Build.0 = Release|Any CPU
		{EACD6494-1A14-4E15-A985-074D06470E57}.Debug|Any CPU.ActiveCfg = Debug|Any CPU
		{EACD6494-1A14-4E15-A985-074D06470E57}.Debug|Any CPU.Build.0 = Debug|Any CPU
		{EACD6494-1A14-4E15-A985-074D06470E57}.Debug|x64.ActiveCfg = Debug|Any CPU
		{EACD6494-1A14-4E15-A985-074D06470E57}.Debug|x64.Build.0 = Debug|Any CPU
		{EACD6494-1A14-4E15-A985-074D06470E57}.Debug|x86.ActiveCfg = Debug|Any CPU
		{EACD6494-1A14-4E15-A985-074D06470E57}.Debug|x86.Build.0 = Debug|Any CPU
		{EACD6494-1A14-4E15-A985-074D06470E57}.Release|Any CPU.ActiveCfg = Release|Any CPU
		{EACD6494-1A14-4E15-A985-074D06470E57}.Release|Any CPU.Build.0 = Release|Any CPU
		{EACD6494-1A14-4E15-A985-074D06470E57}.Release|x64.ActiveCfg = Release|Any CPU
		{EACD6494-1A14-4E15-A985-074D06470E57}.Release|x64.Build.0 = Release|Any CPU
		{EACD6494-1A14-4E15-A985-074D06470E57}.Release|x86.ActiveCfg = Release|Any CPU
		{EACD6494-1A14-4E15-A985-074D06470E57}.Release|x86.Build.0 = Release|Any CPU
		{4F43A4C0-E123-453F-A366-F27827C91F1D}.Debug|Any CPU.ActiveCfg = Debug|Any CPU
		{4F43A4C0-E123-453F-A366-F27827C91F1D}.Debug|Any CPU.Build.0 = Debug|Any CPU
		{4F43A4C0-E123-453F-A366-F27827C91F1D}.Debug|x64.ActiveCfg = Debug|Any CPU
		{4F43A4C0-E123-453F-A366-F27827C91F1D}.Debug|x64.Build.0 = Debug|Any CPU
		{4F43A4C0-E123-453F-A366-F27827C91F1D}.Debug|x86.ActiveCfg = Debug|Any CPU
		{4F43A4C0-E123-453F-A366-F27827C91F1D}.Debug|x86.Build.0 = Debug|Any CPU
		{4F43A4C0-E123-453F-A366-F27827C91F1D}.Release|Any CPU.ActiveCfg = Release|Any CPU
		{4F43A4C0-E123-453F-A366-F27827C91F1D}.Release|Any CPU.Build.0 = Release|Any CPU
		{4F43A4C0-E123-453F-A366-F27827C91F1D}.Release|x64.ActiveCfg = Release|Any CPU
		{4F43A4C0-E123-453F-A366-F27827C91F1D}.Release|x64.Build.0 = Release|Any CPU
		{4F43A4C0-E123-453F-A366-F27827C91F1D}.Release|x86.ActiveCfg = Release|Any CPU
		{4F43A4C0-E123-453F-A366-F27827C91F1D}.Release|x86.Build.0 = Release|Any CPU
		{2A099B76-8580-47D0-8B80-23D4B8EBD390}.Debug|Any CPU.ActiveCfg = Debug|Any CPU
		{2A099B76-8580-47D0-8B80-23D4B8EBD390}.Debug|Any CPU.Build.0 = Debug|Any CPU
		{2A099B76-8580-47D0-8B80-23D4B8EBD390}.Debug|x64.ActiveCfg = Debug|Any CPU
		{2A099B76-8580-47D0-8B80-23D4B8EBD390}.Debug|x64.Build.0 = Debug|Any CPU
		{2A099B76-8580-47D0-8B80-23D4B8EBD390}.Debug|x86.ActiveCfg = Debug|Any CPU
		{2A099B76-8580-47D0-8B80-23D4B8EBD390}.Debug|x86.Build.0 = Debug|Any CPU
		{2A099B76-8580-47D0-8B80-23D4B8EBD390}.Release|Any CPU.ActiveCfg = Release|Any CPU
		{2A099B76-8580-47D0-8B80-23D4B8EBD390}.Release|Any CPU.Build.0 = Release|Any CPU
		{2A099B76-8580-47D0-8B80-23D4B8EBD390}.Release|x64.ActiveCfg = Release|Any CPU
		{2A099B76-8580-47D0-8B80-23D4B8EBD390}.Release|x64.Build.0 = Release|Any CPU
		{2A099B76-8580-47D0-8B80-23D4B8EBD390}.Release|x86.ActiveCfg = Release|Any CPU
		{2A099B76-8580-47D0-8B80-23D4B8EBD390}.Release|x86.Build.0 = Release|Any CPU
		{C852A430-4DE5-4319-B13B-5E85602346C4}.Debug|Any CPU.ActiveCfg = Debug|Any CPU
		{C852A430-4DE5-4319-B13B-5E85602346C4}.Debug|Any CPU.Build.0 = Debug|Any CPU
		{C852A430-4DE5-4319-B13B-5E85602346C4}.Debug|x64.ActiveCfg = Debug|Any CPU
		{C852A430-4DE5-4319-B13B-5E85602346C4}.Debug|x64.Build.0 = Debug|Any CPU
		{C852A430-4DE5-4319-B13B-5E85602346C4}.Debug|x86.ActiveCfg = Debug|Any CPU
		{C852A430-4DE5-4319-B13B-5E85602346C4}.Debug|x86.Build.0 = Debug|Any CPU
		{C852A430-4DE5-4319-B13B-5E85602346C4}.Release|Any CPU.ActiveCfg = Release|Any CPU
		{C852A430-4DE5-4319-B13B-5E85602346C4}.Release|Any CPU.Build.0 = Release|Any CPU
		{C852A430-4DE5-4319-B13B-5E85602346C4}.Release|x64.ActiveCfg = Release|Any CPU
		{C852A430-4DE5-4319-B13B-5E85602346C4}.Release|x64.Build.0 = Release|Any CPU
		{C852A430-4DE5-4319-B13B-5E85602346C4}.Release|x86.ActiveCfg = Release|Any CPU
		{C852A430-4DE5-4319-B13B-5E85602346C4}.Release|x86.Build.0 = Release|Any CPU
	EndGlobalSection
	GlobalSection(SolutionProperties) = preSolution
		HideSolutionNode = FALSE
	EndGlobalSection
	GlobalSection(NestedProjects) = preSolution
		{908E5591-E737-10DC-348D-771C843BC308} = {79B2080E-7F4D-2E8E-93CC-96CD42EB398C}
		{35045B27-7A39-7D54-A537-5D1F06758B1F} = {908E5591-E737-10DC-348D-771C843BC308}
		{991C9ADE-072C-4C3A-8977-5861C48BE292} = {35045B27-7A39-7D54-A537-5D1F06758B1F}
		{74EA90AD-D2B5-1CB1-F4D0-D2571DAD8792} = {79B2080E-7F4D-2E8E-93CC-96CD42EB398C}
		{71409898-775D-B3A5-9625-6B1D8E4F2883} = {74EA90AD-D2B5-1CB1-F4D0-D2571DAD8792}
		{7F43D74B-309D-4628-9D91-22FEF3E964D9} = {71409898-775D-B3A5-9625-6B1D8E4F2883}
		{21DD5F1C-77DA-E0C2-8752-F125013C22D6} = {74EA90AD-D2B5-1CB1-F4D0-D2571DAD8792}
		{0D56DD08-B354-47DE-9FF5-C004D295E7EA} = {21DD5F1C-77DA-E0C2-8752-F125013C22D6}
		{3768D35C-2EA5-668F-2F4C-2806952DD6D4} = {79B2080E-7F4D-2E8E-93CC-96CD42EB398C}
		{2BA76A91-7B84-440A-97D2-969FBB6F6B02} = {3768D35C-2EA5-668F-2F4C-2806952DD6D4}
		{D4CB36FB-7A32-4F6A-A78C-852CA054112A} = {3768D35C-2EA5-668F-2F4C-2806952DD6D4}
		{728F7B21-4833-2C37-0209-9B1C22C42B13} = {79B2080E-7F4D-2E8E-93CC-96CD42EB398C}
		{B77314D2-E25E-49CF-8AA2-63517662F3FD} = {728F7B21-4833-2C37-0209-9B1C22C42B13}
		{94B3085F-6DB1-4CB2-6AC1-43D16DDE93D2} = {728F7B21-4833-2C37-0209-9B1C22C42B13}
		{638C3CEF-31C2-46A2-B8E3-6CB5C3D95CFB} = {94B3085F-6DB1-4CB2-6AC1-43D16DDE93D2}
		{D8CED827-5142-413C-B2B3-8492341B09F2} = {728F7B21-4833-2C37-0209-9B1C22C42B13}
		{5A6AE44C-36E1-27AD-C454-AA1C6DEE9CCE} = {79B2080E-7F4D-2E8E-93CC-96CD42EB398C}
		{946780D4-00A7-48F8-A327-6B1421480A39} = {5A6AE44C-36E1-27AD-C454-AA1C6DEE9CCE}
		{D20F72AD-DC4D-499C-8B72-83C78C26CFC3} = {8E748DE9-38BD-6FF6-470E-44401082C82C}
		{FF354FF5-29B6-6E46-E162-5759ECB583DB} = {8E748DE9-38BD-6FF6-470E-44401082C82C}
		{77CD8F45-334E-4877-B3DD-0E8E8534B26C} = {FF354FF5-29B6-6E46-E162-5759ECB583DB}
		{D74DBA5A-B740-F259-7381-6AE7093C1F27} = {FF354FF5-29B6-6E46-E162-5759ECB583DB}
		{78916FFA-8D0D-4EF7-8774-98C2ED022BC2} = {D74DBA5A-B740-F259-7381-6AE7093C1F27}
		{549B6CE2-4477-26DD-511D-8C3ADE3D2573} = {74EA90AD-D2B5-1CB1-F4D0-D2571DAD8792}
		{D8414622-A7F6-4793-AD36-065C3523921B} = {549B6CE2-4477-26DD-511D-8C3ADE3D2573}
		{BA0E4795-31C4-47C8-871E-90110ED7D48C} = {FF354FF5-29B6-6E46-E162-5759ECB583DB}
		{76F77256-1064-4DB4-9645-B1978D7B9748} = {FF354FF5-29B6-6E46-E162-5759ECB583DB}
		{BEB99999-7EF1-4CCD-A98B-E32585B0B01B} = {FF354FF5-29B6-6E46-E162-5759ECB583DB}
		{355319FA-2357-4086-89B6-A4E383882BAD} = {FF354FF5-29B6-6E46-E162-5759ECB583DB}
		{EACD6494-1A14-4E15-A985-074D06470E57} = {FF354FF5-29B6-6E46-E162-5759ECB583DB}
		{4783CB65-8BBD-6DA2-5E11-2DF2D8B0F17B} = {8E748DE9-38BD-6FF6-470E-44401082C82C}
		{4F43A4C0-E123-453F-A366-F27827C91F1D} = {4783CB65-8BBD-6DA2-5E11-2DF2D8B0F17B}
		{2A099B76-8580-47D0-8B80-23D4B8EBD390} = {4783CB65-8BBD-6DA2-5E11-2DF2D8B0F17B}
		{C852A430-4DE5-4319-B13B-5E85602346C4} = {4783CB65-8BBD-6DA2-5E11-2DF2D8B0F17B}
	EndGlobalSection
	GlobalSection(ExtensibilityGlobals) = postSolution
		SolutionGuid = {1C32C644-116A-4164-B927-9DFD0B6CC7D8}
	EndGlobalSection
EndGlobal
